
Microsoft Visual Studio Solution File, Format Version 12.00
# Visual Studio 15
VisualStudioVersion = 15.0.27130.2027
MinimumVisualStudioVersion = 10.0.40219.1
Project("{FAE04EC0-301F-11D3-BF4B-00C04F79EFBC}") = "Troys.KF.Hub.UI.Test.Specs", "Troys.KF.Hub.UI.Test.Specs\Troys.KF.Hub.UI.Test.Specs.csproj", "{46AF7680-46E9-4953-9422-F387C74B3480}"
EndProject
Global
	GlobalSection(SolutionConfigurationPlatforms) = preSolution
		Debug|Any CPU = Debug|Any CPU
		Release|Any CPU = Release|Any CPU
	EndGlobalSection
	GlobalSection(ProjectConfigurationPlatforms) = postSolution
		{46AF7680-46E9-4953-9422-F387C74B3480}.Debug|Any CPU.ActiveCfg = Debug|Any CPU
		{46AF7680-46E9-4953-9422-F387C74B3480}.Debug|Any CPU.Build.0 = Debug|Any CPU
		{46AF7680-46E9-4953-9422-F387C74B3480}.Release|Any CPU.ActiveCfg = Release|Any CPU
		{46AF7680-46E9-4953-9422-F387C74B3480}.Release|Any CPU.Build.0 = Release|Any CPU
	EndGlobalSection
	GlobalSection(SolutionProperties) = preSolution
		HideSolutionNode = FALSE
	EndGlobalSection
	GlobalSection(ExtensibilityGlobals) = postSolution
		SolutionGuid = {5587F669-342E-41D1-8755-3443AEF54D07}
	EndGlobalSection
EndGlobal
